
Microsoft Visual Studio Solution File, Format Version 12.00
# Visual Studio 15
VisualStudioVersion = 15.0.26730.16
MinimumVisualStudioVersion = 10.0.40219.1
Project("{FAE04EC0-301F-11D3-BF4B-00C04F79EFBC}") = "Tetris", "Tetris\Tetris.csproj", "{2BB5D75B-3200-4515-990A-615FEC119713}"
EndProject
Project("{FAE04EC0-301F-11D3-BF4B-00C04F79EFBC}") = "TetrisClient", "..\TetrisClient\TetrisClient\TetrisClient.csproj", "{9F0FE2F1-7E8C-4296-BECB-A64880599B28}"
EndProject
Global
	GlobalSection(SolutionConfigurationPlatforms) = preSolution
		Debug|Any CPU = Debug|Any CPU
		Release|Any CPU = Release|Any CPU
	EndGlobalSection
	GlobalSection(ProjectConfigurationPlatforms) = postSolution
		{2BB5D75B-3200-4515-990A-615FEC119713}.Debug|Any CPU.ActiveCfg = Debug|Any CPU
		{2BB5D75B-3200-4515-990A-615FEC119713}.Debug|Any CPU.Build.0 = Debug|Any CPU
		{2BB5D75B-3200-4515-990A-615FEC119713}.Release|Any CPU.ActiveCfg = Release|Any CPU
		{2BB5D75B-3200-4515-990A-615FEC119713}.Release|Any CPU.Build.0 = Release|Any CPU
		{9F0FE2F1-7E8C-4296-BECB-A64880599B28}.Debug|Any CPU.ActiveCfg = Debug|Any CPU
		{9F0FE2F1-7E8C-4296-BECB-A64880599B28}.Debug|Any CPU.Build.0 = Debug|Any CPU
		{9F0FE2F1-7E8C-4296-BECB-A64880599B28}.Release|Any CPU.ActiveCfg = Release|Any CPU
		{9F0FE2F1-7E8C-4296-BECB-A64880599B28}.Release|Any CPU.Build.0 = Release|Any CPU
	EndGlobalSection
	GlobalSection(SolutionProperties) = preSolution
		HideSolutionNode = FALSE
	EndGlobalSection
	GlobalSection(ExtensibilityGlobals) = postSolution
		SolutionGuid = {BBDD6C10-D5C7-4F0E-B3C2-AC2770C72BE0}
	EndGlobalSection
EndGlobal
